
Microsoft Visual Studio Solution File, Format Version 12.00
# Visual Studio 14
VisualStudioVersion = 14.0.22823.1
MinimumVisualStudioVersion = 10.0.40219.1
Project("{2150E333-8FDC-42A3-9474-1A3956D46DE8}") = "src", "src", "{614E4F5D-350A-42A7-B097-C6F1E3990C92}"
EndProject
Project("{2150E333-8FDC-42A3-9474-1A3956D46DE8}") = "Solution Items", "Solution Items", "{BAD6B95A-D8F7-4325-98D9-9556E7FAC5E2}"
	ProjectSection(SolutionItems) = preProject
		global.json = global.json
	EndProjectSection
EndProject
Project("{8BB2217D-0F2D-49D1-97BC-3654ED321F3B}") = "OnugDemo", "src\OnugDemo\OnugDemo.xproj", "{D7CE24EB-73C3-4D2E-81BF-D1E768EF59BE}"
EndProject
Global
	GlobalSection(SolutionConfigurationPlatforms) = preSolution
		Debug|Any CPU = Debug|Any CPU
		Release|Any CPU = Release|Any CPU
	EndGlobalSection
	GlobalSection(ProjectConfigurationPlatforms) = postSolution
		{D7CE24EB-73C3-4D2E-81BF-D1E768EF59BE}.Debug|Any CPU.ActiveCfg = Debug|Any CPU
		{D7CE24EB-73C3-4D2E-81BF-D1E768EF59BE}.Debug|Any CPU.Build.0 = Debug|Any CPU
		{D7CE24EB-73C3-4D2E-81BF-D1E768EF59BE}.Release|Any CPU.ActiveCfg = Release|Any CPU
		{D7CE24EB-73C3-4D2E-81BF-D1E768EF59BE}.Release|Any CPU.Build.0 = Release|Any CPU
	EndGlobalSection
	GlobalSection(SolutionProperties) = preSolution
		HideSolutionNode = FALSE
	EndGlobalSection
	GlobalSection(NestedProjects) = preSolution
		{D7CE24EB-73C3-4D2E-81BF-D1E768EF59BE} = {614E4F5D-350A-42A7-B097-C6F1E3990C92}
	EndGlobalSection
EndGlobal
